
Microsoft Visual Studio Solution File, Format Version 11.00
# Visual Basic Express 2010
Project("{F184B08F-C81C-45F6-A57F-5ABD9991F28F}") = "proyecto2", "proyecto2\proyecto2.vbproj", "{5AA85491-34DA-432B-B17F-2EFB0FDFCA87}"
EndProject
Global
	GlobalSection(SolutionConfigurationPlatforms) = preSolution
		Debug|x86 = Debug|x86
		Release|x86 = Release|x86
	EndGlobalSection
	GlobalSection(ProjectConfigurationPlatforms) = postSolution
		{5AA85491-34DA-432B-B17F-2EFB0FDFCA87}.Debug|x86.ActiveCfg = Debug|x86
		{5AA85491-34DA-432B-B17F-2EFB0FDFCA87}.Debug|x86.Build.0 = Debug|x86
		{5AA85491-34DA-432B-B17F-2EFB0FDFCA87}.Release|x86.ActiveCfg = Release|x86
		{5AA85491-34DA-432B-B17F-2EFB0FDFCA87}.Release|x86.Build.0 = Release|x86
	EndGlobalSection
	GlobalSection(SolutionProperties) = preSolution
		HideSolutionNode = FALSE
	EndGlobalSection
EndGlobal
